// !$*UTF8*$!
{
	archiveVersion = 1;
	classes = {
	};
	objectVersion = 70;
	objects = {

/* Begin PBXBuildFile section */
		8F268EAC2DB9340F0003EA3B /* WidgetKit.framework in Frameworks */ = {isa = PBXBuildFile; fileRef = 8F70576B2BE004AC004C419F /* WidgetKit.framework */; };
		8F268EAD2DB9340F0003EA3B /* SwiftUI.framework in Frameworks */ = {isa = PBXBuildFile; fileRef = 8F70576D2BE004AC004C419F /* SwiftUI.framework */; };
		8F268EBA2DB934100003EA3B /* ControlCenterWidgetExtension.appex in Embed Foundation Extensions */ = {isa = PBXBuildFile; fileRef = 8F268EAB2DB9340F0003EA3B /* ControlCenterWidgetExtension.appex */; settings = {ATTRIBUTES = (RemoveHeadersOnCopy, ); }; };
		8F268ECD2DB941380003EA3B /* Config.xcconfig in Resources */ = {isa = PBXBuildFile; fileRef = 8F268ECC2DB941380003EA3B /* Config.xcconfig */; };
		8F70573F2BE0042D004C419F /* pushtostartApp.swift in Sources */ = {isa = PBXBuildFile; fileRef = 8F70573E2BE0042D004C419F /* pushtostartApp.swift */; };
		8F7057412BE0042D004C419F /* ContentView.swift in Sources */ = {isa = PBXBuildFile; fileRef = 8F7057402BE0042D004C419F /* ContentView.swift */; };
		8F7057432BE0042E004C419F /* Assets.xcassets in Resources */ = {isa = PBXBuildFile; fileRef = 8F7057422BE0042E004C419F /* Assets.xcassets */; };
		8F7057462BE0042E004C419F /* Preview Assets.xcassets in Resources */ = {isa = PBXBuildFile; fileRef = 8F7057452BE0042E004C419F /* Preview Assets.xcassets */; };
		8F70574E2BE00480004C419F /* OneSignalExtension in Frameworks */ = {isa = PBXBuildFile; productRef = 8F70574D2BE00480004C419F /* OneSignalExtension */; };
		8F7057502BE00480004C419F /* OneSignalFramework in Frameworks */ = {isa = PBXBuildFile; productRef = 8F70574F2BE00480004C419F /* OneSignalFramework */; };
		8F7057522BE00480004C419F /* OneSignalInAppMessages in Frameworks */ = {isa = PBXBuildFile; productRef = 8F7057512BE00480004C419F /* OneSignalInAppMessages */; };
		8F7057542BE00480004C419F /* OneSignalLocation in Frameworks */ = {isa = PBXBuildFile; productRef = 8F7057532BE00480004C419F /* OneSignalLocation */; };
		8F70575C2BE00497004C419F /* NotificationService.swift in Sources */ = {isa = PBXBuildFile; fileRef = 8F70575B2BE00497004C419F /* NotificationService.swift */; };
		8F7057602BE00497004C419F /* OneSignalNotificationServiceExtension.appex in Embed Foundation Extensions */ = {isa = PBXBuildFile; fileRef = 8F7057592BE00497004C419F /* OneSignalNotificationServiceExtension.appex */; settings = {ATTRIBUTES = (RemoveHeadersOnCopy, ); }; };
		8F70576C2BE004AC004C419F /* WidgetKit.framework in Frameworks */ = {isa = PBXBuildFile; fileRef = 8F70576B2BE004AC004C419F /* WidgetKit.framework */; };
		8F70576E2BE004AC004C419F /* SwiftUI.framework in Frameworks */ = {isa = PBXBuildFile; fileRef = 8F70576D2BE004AC004C419F /* SwiftUI.framework */; };
		8F7057712BE004AC004C419F /* ptsBundle.swift in Sources */ = {isa = PBXBuildFile; fileRef = 8F7057702BE004AC004C419F /* ptsBundle.swift */; };
		8F7057732BE004AC004C419F /* ptsLiveActivity.swift in Sources */ = {isa = PBXBuildFile; fileRef = 8F7057722BE004AC004C419F /* ptsLiveActivity.swift */; };
		8F7057752BE004AC004C419F /* pts.swift in Sources */ = {isa = PBXBuildFile; fileRef = 8F7057742BE004AC004C419F /* pts.swift */; };
		8F7057772BE004AC004C419F /* AppIntent.swift in Sources */ = {isa = PBXBuildFile; fileRef = 8F7057762BE004AC004C419F /* AppIntent.swift */; };
		8F7057792BE004AD004C419F /* Assets.xcassets in Resources */ = {isa = PBXBuildFile; fileRef = 8F7057782BE004AD004C419F /* Assets.xcassets */; };
		8F70577D2BE004AD004C419F /* ptsExtension.appex in Embed Foundation Extensions */ = {isa = PBXBuildFile; fileRef = 8F7057692BE004AC004C419F /* ptsExtension.appex */; settings = {ATTRIBUTES = (RemoveHeadersOnCopy, ); }; };
		8F7057812BE004BB004C419F /* ptsLiveActivity.swift in Sources */ = {isa = PBXBuildFile; fileRef = 8F7057722BE004AC004C419F /* ptsLiveActivity.swift */; };
		8F8CF2542BFCDB8B00DE8266 /* OneSignalExtension in Frameworks */ = {isa = PBXBuildFile; productRef = 8F8CF2532BFCDB8B00DE8266 /* OneSignalExtension */; };
		8F8CF2562BFCDB8E00DE8266 /* OneSignalFramework in Frameworks */ = {isa = PBXBuildFile; productRef = 8F8CF2552BFCDB8E00DE8266 /* OneSignalFramework */; };
		8F96DC072C7F74B600190FED /* Config.plist in Resources */ = {isa = PBXBuildFile; fileRef = 8F96DC062C7F74B600190FED /* Config.plist */; };
		8F96DC092C7F755D00190FED /* ConfigManager.swift in Sources */ = {isa = PBXBuildFile; fileRef = 8F96DC082C7F755D00190FED /* ConfigManager.swift */; };
		8FFD7BC92C00D3160010C9CF /* Mixpanel in Frameworks */ = {isa = PBXBuildFile; productRef = 8FFD7BC82C00D3160010C9CF /* Mixpanel */; };
/* End PBXBuildFile section */

/* Begin PBXContainerItemProxy section */
		8F268EB82DB934100003EA3B /* PBXContainerItemProxy */ = {
			isa = PBXContainerItemProxy;
			containerPortal = 8F7057332BE0042D004C419F /* Project object */;
			proxyType = 1;
			remoteGlobalIDString = 8F268EAA2DB9340F0003EA3B;
			remoteInfo = ControlCenterWidgetExtension;
		};
		8F70575E2BE00497004C419F /* PBXContainerItemProxy */ = {
			isa = PBXContainerItemProxy;
			containerPortal = 8F7057332BE0042D004C419F /* Project object */;
			proxyType = 1;
			remoteGlobalIDString = 8F7057582BE00497004C419F;
			remoteInfo = OneSignalNotificationServiceExtension;
		};
		8F70577B2BE004AD004C419F /* PBXContainerItemProxy */ = {
			isa = PBXContainerItemProxy;
			containerPortal = 8F7057332BE0042D004C419F /* Project object */;
			proxyType = 1;
			remoteGlobalIDString = 8F7057682BE004AC004C419F;
			remoteInfo = ptsExtension;
		};
/* End PBXContainerItemProxy section */

/* Begin PBXCopyFilesBuildPhase section */
		8F7057642BE00497004C419F /* Embed Foundation Extensions */ = {
			isa = PBXCopyFilesBuildPhase;
			buildActionMask = 2147483647;
			dstPath = "";
			dstSubfolderSpec = 13;
			files = (
				8F70577D2BE004AD004C419F /* ptsExtension.appex in Embed Foundation Extensions */,
				8F7057602BE00497004C419F /* OneSignalNotificationServiceExtension.appex in Embed Foundation Extensions */,
				8F268EBA2DB934100003EA3B /* ControlCenterWidgetExtension.appex in Embed Foundation Extensions */,
			);
			name = "Embed Foundation Extensions";
			runOnlyForDeploymentPostprocessing = 0;
		};
/* End PBXCopyFilesBuildPhase section */

/* Begin PBXFileReference section */
		8F268EAB2DB9340F0003EA3B /* ControlCenterWidgetExtension.appex */ = {isa = PBXFileReference; explicitFileType = "wrapper.app-extension"; includeInIndex = 0; path = ControlCenterWidgetExtension.appex; sourceTree = BUILT_PRODUCTS_DIR; };
		8F268ECC2DB941380003EA3B /* Config.xcconfig */ = {isa = PBXFileReference; lastKnownFileType = text.xcconfig; path = Config.xcconfig; sourceTree = "<group>"; };
		8F48DE5B2C458CD400BD90AE /* UserNotifications.framework */ = {isa = PBXFileReference; lastKnownFileType = wrapper.framework; name = UserNotifications.framework; path = System/Library/Frameworks/UserNotifications.framework; sourceTree = SDKROOT; };
		8F48DE5D2C458CD400BD90AE /* UserNotificationsUI.framework */ = {isa = PBXFileReference; lastKnownFileType = wrapper.framework; name = UserNotificationsUI.framework; path = System/Library/Frameworks/UserNotificationsUI.framework; sourceTree = SDKROOT; };
		8F70573B2BE0042D004C419F /* pushtostart.app */ = {isa = PBXFileReference; explicitFileType = wrapper.application; includeInIndex = 0; path = pushtostart.app; sourceTree = BUILT_PRODUCTS_DIR; };
		8F70573E2BE0042D004C419F /* pushtostartApp.swift */ = {isa = PBXFileReference; lastKnownFileType = sourcecode.swift; path = pushtostartApp.swift; sourceTree = "<group>"; };
		8F7057402BE0042D004C419F /* ContentView.swift */ = {isa = PBXFileReference; lastKnownFileType = sourcecode.swift; path = ContentView.swift; sourceTree = "<group>"; };
		8F7057422BE0042E004C419F /* Assets.xcassets */ = {isa = PBXFileReference; lastKnownFileType = folder.assetcatalog; path = Assets.xcassets; sourceTree = "<group>"; };
		8F7057452BE0042E004C419F /* Preview Assets.xcassets */ = {isa = PBXFileReference; lastKnownFileType = folder.assetcatalog; path = "Preview Assets.xcassets"; sourceTree = "<group>"; };
		8F7057592BE00497004C419F /* OneSignalNotificationServiceExtension.appex */ = {isa = PBXFileReference; explicitFileType = "wrapper.app-extension"; includeInIndex = 0; path = OneSignalNotificationServiceExtension.appex; sourceTree = BUILT_PRODUCTS_DIR; };
		8F70575B2BE00497004C419F /* NotificationService.swift */ = {isa = PBXFileReference; lastKnownFileType = sourcecode.swift; path = NotificationService.swift; sourceTree = "<group>"; };
		8F70575D2BE00497004C419F /* Info.plist */ = {isa = PBXFileReference; lastKnownFileType = text.plist.xml; path = Info.plist; sourceTree = "<group>"; };
		8F7057692BE004AC004C419F /* ptsExtension.appex */ = {isa = PBXFileReference; explicitFileType = "wrapper.app-extension"; includeInIndex = 0; path = ptsExtension.appex; sourceTree = BUILT_PRODUCTS_DIR; };
		8F70576B2BE004AC004C419F /* WidgetKit.framework */ = {isa = PBXFileReference; lastKnownFileType = wrapper.framework; name = WidgetKit.framework; path = System/Library/Frameworks/WidgetKit.framework; sourceTree = SDKROOT; };
		8F70576D2BE004AC004C419F /* SwiftUI.framework */ = {isa = PBXFileReference; lastKnownFileType = wrapper.framework; name = SwiftUI.framework; path = System/Library/Frameworks/SwiftUI.framework; sourceTree = SDKROOT; };
		8F7057702BE004AC004C419F /* ptsBundle.swift */ = {isa = PBXFileReference; lastKnownFileType = sourcecode.swift; path = ptsBundle.swift; sourceTree = "<group>"; };
		8F7057722BE004AC004C419F /* ptsLiveActivity.swift */ = {isa = PBXFileReference; lastKnownFileType = sourcecode.swift; path = ptsLiveActivity.swift; sourceTree = "<group>"; };
		8F7057742BE004AC004C419F /* pts.swift */ = {isa = PBXFileReference; lastKnownFileType = sourcecode.swift; path = pts.swift; sourceTree = "<group>"; };
		8F7057762BE004AC004C419F /* AppIntent.swift */ = {isa = PBXFileReference; lastKnownFileType = sourcecode.swift; path = AppIntent.swift; sourceTree = "<group>"; };
		8F7057782BE004AD004C419F /* Assets.xcassets */ = {isa = PBXFileReference; lastKnownFileType = folder.assetcatalog; path = Assets.xcassets; sourceTree = "<group>"; };
		8F70577A2BE004AD004C419F /* Info.plist */ = {isa = PBXFileReference; lastKnownFileType = text.plist.xml; path = Info.plist; sourceTree = "<group>"; };
		8F7057822BE004E9004C419F /* pushtostart.entitlements */ = {isa = PBXFileReference; lastKnownFileType = text.plist.entitlements; path = pushtostart.entitlements; sourceTree = "<group>"; };
		8F7057832BE00513004C419F /* Info.plist */ = {isa = PBXFileReference; lastKnownFileType = text.plist; path = Info.plist; sourceTree = "<group>"; };
		8F96DC062C7F74B600190FED /* Config.plist */ = {isa = PBXFileReference; lastKnownFileType = text.plist.xml; path = Config.plist; sourceTree = "<group>"; };
		8F96DC082C7F755D00190FED /* ConfigManager.swift */ = {isa = PBXFileReference; lastKnownFileType = sourcecode.swift; path = ConfigManager.swift; sourceTree = "<group>"; };
		8FC61B712C6BB4D00065E195 /* OneSignalNotificationServiceExtension.entitlements */ = {isa = PBXFileReference; lastKnownFileType = text.plist.entitlements; path = OneSignalNotificationServiceExtension.entitlements; sourceTree = "<group>"; };
		8FED61E42C7E536E003EB6D5 /* pushtostartRelease.entitlements */ = {isa = PBXFileReference; lastKnownFileType = text.plist.entitlements; path = pushtostartRelease.entitlements; sourceTree = "<group>"; };
/* End PBXFileReference section */

/* Begin PBXFileSystemSynchronizedBuildFileExceptionSet section */
		8F268EBD2DB934100003EA3B /* PBXFileSystemSynchronizedBuildFileExceptionSet */ = {
			isa = PBXFileSystemSynchronizedBuildFileExceptionSet;
			membershipExceptions = (
				Info.plist,
			);
			target = 8F268EAA2DB9340F0003EA3B /* ControlCenterWidgetExtension */;
		};
/* End PBXFileSystemSynchronizedBuildFileExceptionSet section */

/* Begin PBXFileSystemSynchronizedRootGroup section */
		8F268EAE2DB9340F0003EA3B /* ControlCenterWidget */ = {isa = PBXFileSystemSynchronizedRootGroup; exceptions = (8F268EBD2DB934100003EA3B /* PBXFileSystemSynchronizedBuildFileExceptionSet */, ); explicitFileTypes = {}; explicitFolders = (); path = ControlCenterWidget; sourceTree = "<group>"; };
/* End PBXFileSystemSynchronizedRootGroup section */

/* Begin PBXFrameworksBuildPhase section */
		8F268EA82DB9340F0003EA3B /* Frameworks */ = {
			isa = PBXFrameworksBuildPhase;
			buildActionMask = 2147483647;
			files = (
				8F268EAD2DB9340F0003EA3B /* SwiftUI.framework in Frameworks */,
				8F268EAC2DB9340F0003EA3B /* WidgetKit.framework in Frameworks */,
			);
			runOnlyForDeploymentPostprocessing = 0;
		};
		8F7057382BE0042D004C419F /* Frameworks */ = {
			isa = PBXFrameworksBuildPhase;
			buildActionMask = 2147483647;
			files = (
				8F7057522BE00480004C419F /* OneSignalInAppMessages in Frameworks */,
				8FFD7BC92C00D3160010C9CF /* Mixpanel in Frameworks */,
				8F7057502BE00480004C419F /* OneSignalFramework in Frameworks */,
				8F7057542BE00480004C419F /* OneSignalLocation in Frameworks */,
				8F70574E2BE00480004C419F /* OneSignalExtension in Frameworks */,
			);
			runOnlyForDeploymentPostprocessing = 0;
		};
		8F7057562BE00497004C419F /* Frameworks */ = {
			isa = PBXFrameworksBuildPhase;
			buildActionMask = 2147483647;
			files = (
			);
			runOnlyForDeploymentPostprocessing = 0;
		};
		8F7057662BE004AC004C419F /* Frameworks */ = {
			isa = PBXFrameworksBuildPhase;
			buildActionMask = 2147483647;
			files = (
				8F8CF2562BFCDB8E00DE8266 /* OneSignalFramework in Frameworks */,
				8F70576E2BE004AC004C419F /* SwiftUI.framework in Frameworks */,
				8F8CF2542BFCDB8B00DE8266 /* OneSignalExtension in Frameworks */,
				8F70576C2BE004AC004C419F /* WidgetKit.framework in Frameworks */,
			);
			runOnlyForDeploymentPostprocessing = 0;
		};
/* End PBXFrameworksBuildPhase section */

/* Begin PBXGroup section */
		8F7057322BE0042D004C419F = {
			isa = PBXGroup;
			children = (
				8F268ECC2DB941380003EA3B /* Config.xcconfig */,
				8F70573D2BE0042D004C419F /* pushtostart */,
				8F70575A2BE00497004C419F /* OneSignalNotificationServiceExtension */,
				8F70576F2BE004AC004C419F /* pts */,
				8F268EAE2DB9340F0003EA3B /* ControlCenterWidget */,
				8F70576A2BE004AC004C419F /* Frameworks */,
				8F70573C2BE0042D004C419F /* Products */,
			);
			sourceTree = "<group>";
		};
		8F70573C2BE0042D004C419F /* Products */ = {
			isa = PBXGroup;
			children = (
				8F70573B2BE0042D004C419F /* pushtostart.app */,
				8F7057592BE00497004C419F /* OneSignalNotificationServiceExtension.appex */,
				8F7057692BE004AC004C419F /* ptsExtension.appex */,
				8F268EAB2DB9340F0003EA3B /* ControlCenterWidgetExtension.appex */,
			);
			name = Products;
			sourceTree = "<group>";
		};
		8F70573D2BE0042D004C419F /* pushtostart */ = {
			isa = PBXGroup;
			children = (
				8FED61E42C7E536E003EB6D5 /* pushtostartRelease.entitlements */,
				8F7057832BE00513004C419F /* Info.plist */,
				8F7057822BE004E9004C419F /* pushtostart.entitlements */,
				8F70573E2BE0042D004C419F /* pushtostartApp.swift */,
				8F7057402BE0042D004C419F /* ContentView.swift */,
				8F7057422BE0042E004C419F /* Assets.xcassets */,
				8F7057442BE0042E004C419F /* Preview Content */,
				8F96DC062C7F74B600190FED /* Config.plist */,
				8F96DC082C7F755D00190FED /* ConfigManager.swift */,
			);
			path = pushtostart;
			sourceTree = "<group>";
		};
		8F7057442BE0042E004C419F /* Preview Content */ = {
			isa = PBXGroup;
			children = (
				8F7057452BE0042E004C419F /* Preview Assets.xcassets */,
			);
			path = "Preview Content";
			sourceTree = "<group>";
		};
		8F70575A2BE00497004C419F /* OneSignalNotificationServiceExtension */ = {
			isa = PBXGroup;
			children = (
				8FC61B712C6BB4D00065E195 /* OneSignalNotificationServiceExtension.entitlements */,
				8F70575B2BE00497004C419F /* NotificationService.swift */,
				8F70575D2BE00497004C419F /* Info.plist */,
			);
			path = OneSignalNotificationServiceExtension;
			sourceTree = "<group>";
		};
		8F70576A2BE004AC004C419F /* Frameworks */ = {
			isa = PBXGroup;
			children = (
				8F70576B2BE004AC004C419F /* WidgetKit.framework */,
				8F70576D2BE004AC004C419F /* SwiftUI.framework */,
				8F48DE5B2C458CD400BD90AE /* UserNotifications.framework */,
				8F48DE5D2C458CD400BD90AE /* UserNotificationsUI.framework */,
			);
			name = Frameworks;
			sourceTree = "<group>";
		};
		8F70576F2BE004AC004C419F /* pts */ = {
			isa = PBXGroup;
			children = (
				8F7057702BE004AC004C419F /* ptsBundle.swift */,
				8F7057722BE004AC004C419F /* ptsLiveActivity.swift */,
				8F7057742BE004AC004C419F /* pts.swift */,
				8F7057762BE004AC004C419F /* AppIntent.swift */,
				8F7057782BE004AD004C419F /* Assets.xcassets */,
				8F70577A2BE004AD004C419F /* Info.plist */,
			);
			path = pts;
			sourceTree = "<group>";
		};
/* End PBXGroup section */

/* Begin PBXNativeTarget section */
		8F268EAA2DB9340F0003EA3B /* ControlCenterWidgetExtension */ = {
			isa = PBXNativeTarget;
			buildConfigurationList = 8F268EBE2DB934100003EA3B /* Build configuration list for PBXNativeTarget "ControlCenterWidgetExtension" */;
			buildPhases = (
				8F268EA72DB9340F0003EA3B /* Sources */,
				8F268EA82DB9340F0003EA3B /* Frameworks */,
				8F268EA92DB9340F0003EA3B /* Resources */,
			);
			buildRules = (
			);
			dependencies = (
			);
			fileSystemSynchronizedGroups = (
				8F268EAE2DB9340F0003EA3B /* ControlCenterWidget */,
			);
			name = ControlCenterWidgetExtension;
			packageProductDependencies = (
			);
			productName = ControlCenterWidgetExtension;
			productReference = 8F268EAB2DB9340F0003EA3B /* ControlCenterWidgetExtension.appex */;
			productType = "com.apple.product-type.app-extension";
		};
		8F70573A2BE0042D004C419F /* pushtostart */ = {
			isa = PBXNativeTarget;
			buildConfigurationList = 8F7057492BE0042E004C419F /* Build configuration list for PBXNativeTarget "pushtostart" */;
			buildPhases = (
				8F7057372BE0042D004C419F /* Sources */,
				8F7057382BE0042D004C419F /* Frameworks */,
				8F7057392BE0042D004C419F /* Resources */,
				8F7057642BE00497004C419F /* Embed Foundation Extensions */,
			);
			buildRules = (
			);
			dependencies = (
				8F70575F2BE00497004C419F /* PBXTargetDependency */,
				8F70577C2BE004AD004C419F /* PBXTargetDependency */,
				8F268EB92DB934100003EA3B /* PBXTargetDependency */,
			);
			name = pushtostart;
			packageProductDependencies = (
				8F70574D2BE00480004C419F /* OneSignalExtension */,
				8F70574F2BE00480004C419F /* OneSignalFramework */,
				8F7057512BE00480004C419F /* OneSignalInAppMessages */,
				8F7057532BE00480004C419F /* OneSignalLocation */,
				8FFD7BC82C00D3160010C9CF /* Mixpanel */,
			);
			productName = pushtostart;
			productReference = 8F70573B2BE0042D004C419F /* pushtostart.app */;
			productType = "com.apple.product-type.application";
		};
		8F7057582BE00497004C419F /* OneSignalNotificationServiceExtension */ = {
			isa = PBXNativeTarget;
			buildConfigurationList = 8F7057612BE00497004C419F /* Build configuration list for PBXNativeTarget "OneSignalNotificationServiceExtension" */;
			buildPhases = (
				8F7057552BE00497004C419F /* Sources */,
				8F7057562BE00497004C419F /* Frameworks */,
				8F7057572BE00497004C419F /* Resources */,
			);
			buildRules = (
			);
			dependencies = (
			);
			name = OneSignalNotificationServiceExtension;
			productName = OneSignalNotificationServiceExtension;
			productReference = 8F7057592BE00497004C419F /* OneSignalNotificationServiceExtension.appex */;
			productType = "com.apple.product-type.app-extension";
		};
		8F7057682BE004AC004C419F /* ptsExtension */ = {
			isa = PBXNativeTarget;
			buildConfigurationList = 8F70577E2BE004AD004C419F /* Build configuration list for PBXNativeTarget "ptsExtension" */;
			buildPhases = (
				8F7057652BE004AC004C419F /* Sources */,
				8F7057662BE004AC004C419F /* Frameworks */,
				8F7057672BE004AC004C419F /* Resources */,
			);
			buildRules = (
			);
			dependencies = (
			);
			name = ptsExtension;
			packageProductDependencies = (
				8F8CF2532BFCDB8B00DE8266 /* OneSignalExtension */,
				8F8CF2552BFCDB8E00DE8266 /* OneSignalFramework */,
			);
			productName = ptsExtension;
			productReference = 8F7057692BE004AC004C419F /* ptsExtension.appex */;
			productType = "com.apple.product-type.app-extension";
		};
/* End PBXNativeTarget section */

/* Begin PBXProject section */
		8F7057332BE0042D004C419F /* Project object */ = {
			isa = PBXProject;
			attributes = {
				BuildIndependentTargetsInParallel = 1;
				LastSwiftUpdateCheck = 1600;
				LastUpgradeCheck = 1520;
				TargetAttributes = {
					8F268EAA2DB9340F0003EA3B = {
						CreatedOnToolsVersion = 16.0;
					};
					8F70573A2BE0042D004C419F = {
						CreatedOnToolsVersion = 15.2;
					};
					8F7057582BE00497004C419F = {
						CreatedOnToolsVersion = 15.2;
					};
					8F7057682BE004AC004C419F = {
						CreatedOnToolsVersion = 15.2;
					};
				};
			};
			buildConfigurationList = 8F7057362BE0042D004C419F /* Build configuration list for PBXProject "pushtostart" */;
			compatibilityVersion = "Xcode 14.0";
			developmentRegion = en;
			hasScannedForEncodings = 0;
			knownRegions = (
				en,
				Base,
			);
			mainGroup = 8F7057322BE0042D004C419F;
			packageReferences = (
				8F70574C2BE00480004C419F /* XCRemoteSwiftPackageReference "OneSignal-XCFramework" */,
				8F3868D22C00D28F0051ACE3 /* XCRemoteSwiftPackageReference "mixpanel-swift" */,
			);
			productRefGroup = 8F70573C2BE0042D004C419F /* Products */;
			projectDirPath = "";
			projectRoot = "";
			targets = (
				8F70573A2BE0042D004C419F /* pushtostart */,
				8F7057582BE00497004C419F /* OneSignalNotificationServiceExtension */,
				8F7057682BE004AC004C419F /* ptsExtension */,
				8F268EAA2DB9340F0003EA3B /* ControlCenterWidgetExtension */,
			);
		};
/* End PBXProject section */

/* Begin PBXResourcesBuildPhase section */
		8F268EA92DB9340F0003EA3B /* Resources */ = {
			isa = PBXResourcesBuildPhase;
			buildActionMask = 2147483647;
			files = (
				8F268ECD2DB941380003EA3B /* Config.xcconfig in Resources */,
			);
			runOnlyForDeploymentPostprocessing = 0;
		};
		8F7057392BE0042D004C419F /* Resources */ = {
			isa = PBXResourcesBuildPhase;
			buildActionMask = 2147483647;
			files = (
				8F7057462BE0042E004C419F /* Preview Assets.xcassets in Resources */,
				8F96DC072C7F74B600190FED /* Config.plist in Resources */,
				8F7057432BE0042E004C419F /* Assets.xcassets in Resources */,
			);
			runOnlyForDeploymentPostprocessing = 0;
		};
		8F7057572BE00497004C419F /* Resources */ = {
			isa = PBXResourcesBuildPhase;
			buildActionMask = 2147483647;
			files = (
			);
			runOnlyForDeploymentPostprocessing = 0;
		};
		8F7057672BE004AC004C419F /* Resources */ = {
			isa = PBXResourcesBuildPhase;
			buildActionMask = 2147483647;
			files = (
				8F7057792BE004AD004C419F /* Assets.xcassets in Resources */,
			);
			runOnlyForDeploymentPostprocessing = 0;
		};
/* End PBXResourcesBuildPhase section */

/* Begin PBXSourcesBuildPhase section */
		8F268EA72DB9340F0003EA3B /* Sources */ = {
			isa = PBXSourcesBuildPhase;
			buildActionMask = 2147483647;
			files = (
			);
			runOnlyForDeploymentPostprocessing = 0;
		};
		8F7057372BE0042D004C419F /* Sources */ = {
			isa = PBXSourcesBuildPhase;
			buildActionMask = 2147483647;
			files = (
				8F7057412BE0042D004C419F /* ContentView.swift in Sources */,
				8F7057812BE004BB004C419F /* ptsLiveActivity.swift in Sources */,
				8F70573F2BE0042D004C419F /* pushtostartApp.swift in Sources */,
				8F96DC092C7F755D00190FED /* ConfigManager.swift in Sources */,
			);
			runOnlyForDeploymentPostprocessing = 0;
		};
		8F7057552BE00497004C419F /* Sources */ = {
			isa = PBXSourcesBuildPhase;
			buildActionMask = 2147483647;
			files = (
				8F70575C2BE00497004C419F /* NotificationService.swift in Sources */,
			);
			runOnlyForDeploymentPostprocessing = 0;
		};
		8F7057652BE004AC004C419F /* Sources */ = {
			isa = PBXSourcesBuildPhase;
			buildActionMask = 2147483647;
			files = (
				8F7057732BE004AC004C419F /* ptsLiveActivity.swift in Sources */,
				8F7057772BE004AC004C419F /* AppIntent.swift in Sources */,
				8F7057752BE004AC004C419F /* pts.swift in Sources */,
				8F7057712BE004AC004C419F /* ptsBundle.swift in Sources */,
			);
			runOnlyForDeploymentPostprocessing = 0;
		};
/* End PBXSourcesBuildPhase section */

/* Begin PBXTargetDependency section */
		8F268EB92DB934100003EA3B /* PBXTargetDependency */ = {
			isa = PBXTargetDependency;
			target = 8F268EAA2DB9340F0003EA3B /* ControlCenterWidgetExtension */;
			targetProxy = 8F268EB82DB934100003EA3B /* PBXContainerItemProxy */;
		};
		8F70575F2BE00497004C419F /* PBXTargetDependency */ = {
			isa = PBXTargetDependency;
			target = 8F7057582BE00497004C419F /* OneSignalNotificationServiceExtension */;
			targetProxy = 8F70575E2BE00497004C419F /* PBXContainerItemProxy */;
		};
		8F70577C2BE004AD004C419F /* PBXTargetDependency */ = {
			isa = PBXTargetDependency;
			target = 8F7057682BE004AC004C419F /* ptsExtension */;
			targetProxy = 8F70577B2BE004AD004C419F /* PBXContainerItemProxy */;
		};
/* End PBXTargetDependency section */

/* Begin XCBuildConfiguration section */
		8F268EBB2DB934100003EA3B /* Debug */ = {
			isa = XCBuildConfiguration;
			buildSettings = {
				ASSETCATALOG_COMPILER_GLOBAL_ACCENT_COLOR_NAME = AccentColor;
				ASSETCATALOG_COMPILER_WIDGET_BACKGROUND_COLOR_NAME = WidgetBackground;
				CODE_SIGN_STYLE = Automatic;
				CURRENT_PROJECT_VERSION = 1;
				DEVELOPMENT_TEAM = 99SW8E36CT;
				GENERATE_INFOPLIST_FILE = YES;
				INFOPLIST_FILE = ControlCenterWidget/Info.plist;
				INFOPLIST_KEY_CFBundleDisplayName = ControlCenterWidget;
				INFOPLIST_KEY_NSHumanReadableCopyright = "";
				IPHONEOS_DEPLOYMENT_TARGET = 18.0;
				LD_RUNPATH_SEARCH_PATHS = (
					"$(inherited)",
					"@executable_path/Frameworks",
					"@executable_path/../../Frameworks",
				);
				MARKETING_VERSION = 1.0;
				PRODUCT_BUNDLE_IDENTIFIER = com.dom.support.ControlCenterWidget;
				PRODUCT_NAME = "$(TARGET_NAME)";
				SKIP_INSTALL = YES;
				SWIFT_EMIT_LOC_STRINGS = YES;
				SWIFT_VERSION = 5.0;
				TARGETED_DEVICE_FAMILY = "1,2";
			};
			name = Debug;
		};
		8F268EBC2DB934100003EA3B /* Release */ = {
			isa = XCBuildConfiguration;
			buildSettings = {
				ASSETCATALOG_COMPILER_GLOBAL_ACCENT_COLOR_NAME = AccentColor;
				ASSETCATALOG_COMPILER_WIDGET_BACKGROUND_COLOR_NAME = WidgetBackground;
				CODE_SIGN_STYLE = Automatic;
				CURRENT_PROJECT_VERSION = 1;
				DEVELOPMENT_TEAM = 99SW8E36CT;
				GENERATE_INFOPLIST_FILE = YES;
				INFOPLIST_FILE = ControlCenterWidget/Info.plist;
				INFOPLIST_KEY_CFBundleDisplayName = ControlCenterWidget;
				INFOPLIST_KEY_NSHumanReadableCopyright = "";
				IPHONEOS_DEPLOYMENT_TARGET = 18.0;
				LD_RUNPATH_SEARCH_PATHS = (
					"$(inherited)",
					"@executable_path/Frameworks",
					"@executable_path/../../Frameworks",
				);
				MARKETING_VERSION = 1.0;
				PRODUCT_BUNDLE_IDENTIFIER = com.dom.support.ControlCenterWidget;
				PRODUCT_NAME = "$(TARGET_NAME)";
				SKIP_INSTALL = YES;
				SWIFT_EMIT_LOC_STRINGS = YES;
				SWIFT_VERSION = 5.0;
				TARGETED_DEVICE_FAMILY = "1,2";
			};
			name = Release;
		};
		8F7057472BE0042E004C419F /* Debug */ = {
			isa = XCBuildConfiguration;
			baseConfigurationReference = 8F268ECC2DB941380003EA3B /* Config.xcconfig */;
			buildSettings = {
				ALWAYS_SEARCH_USER_PATHS = NO;
				ASSETCATALOG_COMPILER_GENERATE_SWIFT_ASSET_SYMBOL_EXTENSIONS = YES;
				CLANG_ANALYZER_NONNULL = YES;
				CLANG_ANALYZER_NUMBER_OBJECT_CONVERSION = YES_AGGRESSIVE;
				CLANG_CXX_LANGUAGE_STANDARD = "gnu++20";
				CLANG_ENABLE_MODULES = YES;
				CLANG_ENABLE_OBJC_ARC = YES;
				CLANG_ENABLE_OBJC_WEAK = YES;
				CLANG_WARN_BLOCK_CAPTURE_AUTORELEASING = YES;
				CLANG_WARN_BOOL_CONVERSION = YES;
				CLANG_WARN_COMMA = YES;
				CLANG_WARN_CONSTANT_CONVERSION = YES;
				CLANG_WARN_DEPRECATED_OBJC_IMPLEMENTATIONS = YES;
				CLANG_WARN_DIRECT_OBJC_ISA_USAGE = YES_ERROR;
				CLANG_WARN_DOCUMENTATION_COMMENTS = YES;
				CLANG_WARN_EMPTY_BODY = YES;
				CLANG_WARN_ENUM_CONVERSION = YES;
				CLANG_WARN_INFINITE_RECURSION = YES;
				CLANG_WARN_INT_CONVERSION = YES;
				CLANG_WARN_NON_LITERAL_NULL_CONVERSION = YES;
				CLANG_WARN_OBJC_IMPLICIT_RETAIN_SELF = YES;
				CLANG_WARN_OBJC_LITERAL_CONVERSION = YES;
				CLANG_WARN_OBJC_ROOT_CLASS = YES_ERROR;
				CLANG_WARN_QUOTED_INCLUDE_IN_FRAMEWORK_HEADER = YES;
				CLANG_WARN_RANGE_LOOP_ANALYSIS = YES;
				CLANG_WARN_STRICT_PROTOTYPES = YES;
				CLANG_WARN_SUSPICIOUS_MOVE = YES;
				CLANG_WARN_UNGUARDED_AVAILABILITY = YES_AGGRESSIVE;
				CLANG_WARN_UNREACHABLE_CODE = YES;
				CLANG_WARN__DUPLICATE_METHOD_MATCH = YES;
				COPY_PHASE_STRIP = NO;
				DEBUG_INFORMATION_FORMAT = dwarf;
				ENABLE_STRICT_OBJC_MSGSEND = YES;
				ENABLE_TESTABILITY = YES;
				ENABLE_USER_SCRIPT_SANDBOXING = YES;
				GCC_C_LANGUAGE_STANDARD = gnu17;
				GCC_DYNAMIC_NO_PIC = NO;
				GCC_NO_COMMON_BLOCKS = YES;
				GCC_OPTIMIZATION_LEVEL = 0;
				GCC_PREPROCESSOR_DEFINITIONS = (
					"DEBUG=1",
					"$(inherited)",
				);
				GCC_WARN_64_TO_32_BIT_CONVERSION = YES;
				GCC_WARN_ABOUT_RETURN_TYPE = YES_ERROR;
				GCC_WARN_UNDECLARED_SELECTOR = YES;
				GCC_WARN_UNINITIALIZED_AUTOS = YES_AGGRESSIVE;
				GCC_WARN_UNUSED_FUNCTION = YES;
				GCC_WARN_UNUSED_VARIABLE = YES;
				IPHONEOS_DEPLOYMENT_TARGET = 17.2;
				LOCALIZATION_PREFERS_STRING_CATALOGS = YES;
				MTL_ENABLE_DEBUG_INFO = INCLUDE_SOURCE;
				MTL_FAST_MATH = YES;
				ONLY_ACTIVE_ARCH = YES;
				SDKROOT = iphoneos;
				SWIFT_ACTIVE_COMPILATION_CONDITIONS = "DEBUG $(inherited)";
				SWIFT_OPTIMIZATION_LEVEL = "-Onone";
			};
			name = Debug;
		};
		8F7057482BE0042E004C419F /* Release */ = {
			isa = XCBuildConfiguration;
			baseConfigurationReference = 8F268ECC2DB941380003EA3B /* Config.xcconfig */;
			buildSettings = {
				ALWAYS_SEARCH_USER_PATHS = NO;
				ASSETCATALOG_COMPILER_GENERATE_SWIFT_ASSET_SYMBOL_EXTENSIONS = YES;
				CLANG_ANALYZER_NONNULL = YES;
				CLANG_ANALYZER_NUMBER_OBJECT_CONVERSION = YES_AGGRESSIVE;
				CLANG_CXX_LANGUAGE_STANDARD = "gnu++20";
				CLANG_ENABLE_MODULES = YES;
				CLANG_ENABLE_OBJC_ARC = YES;
				CLANG_ENABLE_OBJC_WEAK = YES;
				CLANG_WARN_BLOCK_CAPTURE_AUTORELEASING = YES;
				CLANG_WARN_BOOL_CONVERSION = YES;
				CLANG_WARN_COMMA = YES;
				CLANG_WARN_CONSTANT_CONVERSION = YES;
				CLANG_WARN_DEPRECATED_OBJC_IMPLEMENTATIONS = YES;
				CLANG_WARN_DIRECT_OBJC_ISA_USAGE = YES_ERROR;
				CLANG_WARN_DOCUMENTATION_COMMENTS = YES;
				CLANG_WARN_EMPTY_BODY = YES;
				CLANG_WARN_ENUM_CONVERSION = YES;
				CLANG_WARN_INFINITE_RECURSION = YES;
				CLANG_WARN_INT_CONVERSION = YES;
				CLANG_WARN_NON_LITERAL_NULL_CONVERSION = YES;
				CLANG_WARN_OBJC_IMPLICIT_RETAIN_SELF = YES;
				CLANG_WARN_OBJC_LITERAL_CONVERSION = YES;
				CLANG_WARN_OBJC_ROOT_CLASS = YES_ERROR;
				CLANG_WARN_QUOTED_INCLUDE_IN_FRAMEWORK_HEADER = YES;
				CLANG_WARN_RANGE_LOOP_ANALYSIS = YES;
				CLANG_WARN_STRICT_PROTOTYPES = YES;
				CLANG_WARN_SUSPICIOUS_MOVE = YES;
				CLANG_WARN_UNGUARDED_AVAILABILITY = YES_AGGRESSIVE;
				CLANG_WARN_UNREACHABLE_CODE = YES;
				CLANG_WARN__DUPLICATE_METHOD_MATCH = YES;
				COPY_PHASE_STRIP = NO;
				DEBUG_INFORMATION_FORMAT = "dwarf-with-dsym";
				ENABLE_NS_ASSERTIONS = NO;
				ENABLE_STRICT_OBJC_MSGSEND = YES;
				ENABLE_USER_SCRIPT_SANDBOXING = YES;
				GCC_C_LANGUAGE_STANDARD = gnu17;
				GCC_NO_COMMON_BLOCKS = YES;
				GCC_WARN_64_TO_32_BIT_CONVERSION = YES;
				GCC_WARN_ABOUT_RETURN_TYPE = YES_ERROR;
				GCC_WARN_UNDECLARED_SELECTOR = YES;
				GCC_WARN_UNINITIALIZED_AUTOS = YES_AGGRESSIVE;
				GCC_WARN_UNUSED_FUNCTION = YES;
				GCC_WARN_UNUSED_VARIABLE = YES;
				IPHONEOS_DEPLOYMENT_TARGET = 17.2;
				LOCALIZATION_PREFERS_STRING_CATALOGS = YES;
				MTL_ENABLE_DEBUG_INFO = NO;
				MTL_FAST_MATH = YES;
				SDKROOT = iphoneos;
				SWIFT_COMPILATION_MODE = wholemodule;
				VALIDATE_PRODUCT = YES;
			};
			name = Release;
		};
		8F70574A2BE0042E004C419F /* Debug */ = {
			isa = XCBuildConfiguration;
			buildSettings = {
				ALWAYS_EMBED_SWIFT_STANDARD_LIBRARIES = YES;
				ASSETCATALOG_COMPILER_APPICON_NAME = AppIcon;
				ASSETCATALOG_COMPILER_GLOBAL_ACCENT_COLOR_NAME = AccentColor;
				ASSETCATALOG_COMPILER_INCLUDE_ALL_APPICON_ASSETS = NO;
				CODE_SIGN_ENTITLEMENTS = pushtostart/pushtostart.entitlements;
				CODE_SIGN_STYLE = Automatic;
				CURRENT_PROJECT_VERSION = 1;
				DEVELOPMENT_ASSET_PATHS = "\"pushtostart/Preview Content\"";
				DEVELOPMENT_TEAM = 99SW8E36CT;
				ENABLE_PREVIEWS = YES;
				GENERATE_INFOPLIST_FILE = YES;
				INFOPLIST_FILE = pushtostart/Info.plist;
				INFOPLIST_KEY_NSLocationAlwaysAndWhenInUseUsageDescription = "";
				INFOPLIST_KEY_NSSupportsLiveActivities = YES;
				INFOPLIST_KEY_NSSupportsLiveActivitiesFrequentUpdates = YES;
				INFOPLIST_KEY_UIApplicationSceneManifest_Generation = YES;
				INFOPLIST_KEY_UIApplicationSupportsIndirectInputEvents = YES;
				INFOPLIST_KEY_UILaunchScreen_Generation = YES;
				INFOPLIST_KEY_UISupportedInterfaceOrientations_iPad = "UIInterfaceOrientationPortrait UIInterfaceOrientationPortraitUpsideDown UIInterfaceOrientationLandscapeLeft UIInterfaceOrientationLandscapeRight";
				INFOPLIST_KEY_UISupportedInterfaceOrientations_iPhone = "UIInterfaceOrientationPortrait UIInterfaceOrientationLandscapeLeft UIInterfaceOrientationLandscapeRight";
				LD_RUNPATH_SEARCH_PATHS = (
					"$(inherited)",
					"@executable_path/Frameworks",
				);
				MARKETING_VERSION = 1.0;
				PRODUCT_BUNDLE_IDENTIFIER = com.dom.support;
				PRODUCT_NAME = "$(TARGET_NAME)";
				SWIFT_EMIT_LOC_STRINGS = YES;
				SWIFT_VERSION = 5.0;
				TARGETED_DEVICE_FAMILY = "1,2";
			};
			name = Debug;
		};
		8F70574B2BE0042E004C419F /* Release */ = {
			isa = XCBuildConfiguration;
			buildSettings = {
				ALWAYS_EMBED_SWIFT_STANDARD_LIBRARIES = YES;
				ASSETCATALOG_COMPILER_APPICON_NAME = AppIcon;
				ASSETCATALOG_COMPILER_GLOBAL_ACCENT_COLOR_NAME = AccentColor;
				ASSETCATALOG_COMPILER_INCLUDE_ALL_APPICON_ASSETS = NO;
				CODE_SIGN_ENTITLEMENTS = pushtostart/pushtostartRelease.entitlements;
				CODE_SIGN_STYLE = Automatic;
				CURRENT_PROJECT_VERSION = 1;
				DEVELOPMENT_ASSET_PATHS = "\"pushtostart/Preview Content\"";
				DEVELOPMENT_TEAM = 99SW8E36CT;
				ENABLE_PREVIEWS = YES;
				GENERATE_INFOPLIST_FILE = YES;
				INFOPLIST_FILE = pushtostart/Info.plist;
				INFOPLIST_KEY_NSLocationAlwaysAndWhenInUseUsageDescription = "";
				INFOPLIST_KEY_NSSupportsLiveActivities = YES;
				INFOPLIST_KEY_NSSupportsLiveActivitiesFrequentUpdates = YES;
				INFOPLIST_KEY_UIApplicationSceneManifest_Generation = YES;
				INFOPLIST_KEY_UIApplicationSupportsIndirectInputEvents = YES;
				INFOPLIST_KEY_UILaunchScreen_Generation = YES;
				INFOPLIST_KEY_UISupportedInterfaceOrientations_iPad = "UIInterfaceOrientationPortrait UIInterfaceOrientationPortraitUpsideDown UIInterfaceOrientationLandscapeLeft UIInterfaceOrientationLandscapeRight";
				INFOPLIST_KEY_UISupportedInterfaceOrientations_iPhone = "UIInterfaceOrientationPortrait UIInterfaceOrientationLandscapeLeft UIInterfaceOrientationLandscapeRight";
				LD_RUNPATH_SEARCH_PATHS = (
					"$(inherited)",
					"@executable_path/Frameworks",
				);
				MARKETING_VERSION = 1.0;
				PRODUCT_BUNDLE_IDENTIFIER = com.dom.support;
				PRODUCT_NAME = "$(TARGET_NAME)";
				SWIFT_EMIT_LOC_STRINGS = YES;
				SWIFT_VERSION = 5.0;
				TARGETED_DEVICE_FAMILY = "1,2";
			};
			name = Release;
		};
		8F7057622BE00497004C419F /* Debug */ = {
			isa = XCBuildConfiguration;
			buildSettings = {
				CODE_SIGN_ENTITLEMENTS = OneSignalNotificationServiceExtension/OneSignalNotificationServiceExtension.entitlements;
				CODE_SIGN_STYLE = Automatic;
				CURRENT_PROJECT_VERSION = 1;
				DEVELOPMENT_TEAM = 99SW8E36CT;
				GENERATE_INFOPLIST_FILE = YES;
				INFOPLIST_FILE = OneSignalNotificationServiceExtension/Info.plist;
				INFOPLIST_KEY_CFBundleDisplayName = OneSignalNotificationServiceExtension;
				INFOPLIST_KEY_NSHumanReadableCopyright = "";
				LD_RUNPATH_SEARCH_PATHS = (
					"$(inherited)",
					"@executable_path/Frameworks",
					"@executable_path/../../Frameworks",
				);
				MARKETING_VERSION = 1.0;
				PRODUCT_BUNDLE_IDENTIFIER = com.dom.support.OneSignalNotificationServiceExtension;
				PRODUCT_NAME = "$(TARGET_NAME)";
				SKIP_INSTALL = YES;
				SWIFT_EMIT_LOC_STRINGS = YES;
				SWIFT_VERSION = 5.0;
				TARGETED_DEVICE_FAMILY = "1,2";
			};
			name = Debug;
		};
		8F7057632BE00497004C419F /* Release */ = {
			isa = XCBuildConfiguration;
			buildSettings = {
				CODE_SIGN_ENTITLEMENTS = OneSignalNotificationServiceExtension/OneSignalNotificationServiceExtension.entitlements;
				CODE_SIGN_STYLE = Automatic;
				CURRENT_PROJECT_VERSION = 1;
				DEVELOPMENT_TEAM = 99SW8E36CT;
				GENERATE_INFOPLIST_FILE = YES;
				INFOPLIST_FILE = OneSignalNotificationServiceExtension/Info.plist;
				INFOPLIST_KEY_CFBundleDisplayName = OneSignalNotificationServiceExtension;
				INFOPLIST_KEY_NSHumanReadableCopyright = "";
				LD_RUNPATH_SEARCH_PATHS = (
					"$(inherited)",
					"@executable_path/Frameworks",
					"@executable_path/../../Frameworks",
				);
				MARKETING_VERSION = 1.0;
				PRODUCT_BUNDLE_IDENTIFIER = com.dom.support.OneSignalNotificationServiceExtension;
				PRODUCT_NAME = "$(TARGET_NAME)";
				SKIP_INSTALL = YES;
				SWIFT_EMIT_LOC_STRINGS = YES;
				SWIFT_VERSION = 5.0;
				TARGETED_DEVICE_FAMILY = "1,2";
			};
			name = Release;
		};
		8F70577F2BE004AD004C419F /* Debug */ = {
			isa = XCBuildConfiguration;
			buildSettings = {
				ASSETCATALOG_COMPILER_GLOBAL_ACCENT_COLOR_NAME = AccentColor;
				ASSETCATALOG_COMPILER_WIDGET_BACKGROUND_COLOR_NAME = WidgetBackground;
				CODE_SIGN_STYLE = Automatic;
				CURRENT_PROJECT_VERSION = 1;
				DEVELOPMENT_TEAM = 99SW8E36CT;
				GENERATE_INFOPLIST_FILE = YES;
				INFOPLIST_FILE = pts/Info.plist;
				INFOPLIST_KEY_CFBundleDisplayName = pts;
				INFOPLIST_KEY_NSHumanReadableCopyright = "";
				LD_RUNPATH_SEARCH_PATHS = (
					"$(inherited)",
					"@executable_path/Frameworks",
					"@executable_path/../../Frameworks",
				);
				MARKETING_VERSION = 1.0;
				PRODUCT_BUNDLE_IDENTIFIER = com.dom.support.pts;
				PRODUCT_NAME = "$(TARGET_NAME)";
				SKIP_INSTALL = YES;
				SWIFT_EMIT_LOC_STRINGS = YES;
				SWIFT_VERSION = 5.0;
				TARGETED_DEVICE_FAMILY = "1,2";
			};
			name = Debug;
		};
		8F7057802BE004AD004C419F /* Release */ = {
			isa = XCBuildConfiguration;
			buildSettings = {
				ASSETCATALOG_COMPILER_GLOBAL_ACCENT_COLOR_NAME = AccentColor;
				ASSETCATALOG_COMPILER_WIDGET_BACKGROUND_COLOR_NAME = WidgetBackground;
				CODE_SIGN_STYLE = Automatic;
				CURRENT_PROJECT_VERSION = 1;
				DEVELOPMENT_TEAM = 99SW8E36CT;
				GENERATE_INFOPLIST_FILE = YES;
				INFOPLIST_FILE = pts/Info.plist;
				INFOPLIST_KEY_CFBundleDisplayName = pts;
				INFOPLIST_KEY_NSHumanReadableCopyright = "";
				LD_RUNPATH_SEARCH_PATHS = (
					"$(inherited)",
					"@executable_path/Frameworks",
					"@executable_path/../../Frameworks",
				);
				MARKETING_VERSION = 1.0;
				PRODUCT_BUNDLE_IDENTIFIER = com.dom.support.pts;
				PRODUCT_NAME = "$(TARGET_NAME)";
				SKIP_INSTALL = YES;
				SWIFT_EMIT_LOC_STRINGS = YES;
				SWIFT_VERSION = 5.0;
				TARGETED_DEVICE_FAMILY = "1,2";
			};
			name = Release;
		};
/* End XCBuildConfiguration section */

/* Begin XCConfigurationList section */
		8F268EBE2DB934100003EA3B /* Build configuration list for PBXNativeTarget "ControlCenterWidgetExtension" */ = {
			isa = XCConfigurationList;
			buildConfigurations = (
				8F268EBB2DB934100003EA3B /* Debug */,
				8F268EBC2DB934100003EA3B /* Release */,
			);
			defaultConfigurationIsVisible = 0;
			defaultConfigurationName = Release;
		};
		8F7057362BE0042D004C419F /* Build configuration list for PBXProject "pushtostart" */ = {
			isa = XCConfigurationList;
			buildConfigurations = (
				8F7057472BE0042E004C419F /* Debug */,
				8F7057482BE0042E004C419F /* Release */,
			);
			defaultConfigurationIsVisible = 0;
			defaultConfigurationName = Release;
		};
		8F7057492BE0042E004C419F /* Build configuration list for PBXNativeTarget "pushtostart" */ = {
			isa = XCConfigurationList;
			buildConfigurations = (
				8F70574A2BE0042E004C419F /* Debug */,
				8F70574B2BE0042E004C419F /* Release */,
			);
			defaultConfigurationIsVisible = 0;
			defaultConfigurationName = Release;
		};
		8F7057612BE00497004C419F /* Build configuration list for PBXNativeTarget "OneSignalNotificationServiceExtension" */ = {
			isa = XCConfigurationList;
			buildConfigurations = (
				8F7057622BE00497004C419F /* Debug */,
				8F7057632BE00497004C419F /* Release */,
			);
			defaultConfigurationIsVisible = 0;
			defaultConfigurationName = Release;
		};
		8F70577E2BE004AD004C419F /* Build configuration list for PBXNativeTarget "ptsExtension" */ = {
			isa = XCConfigurationList;
			buildConfigurations = (
				8F70577F2BE004AD004C419F /* Debug */,
				8F7057802BE004AD004C419F /* Release */,
			);
			defaultConfigurationIsVisible = 0;
			defaultConfigurationName = Release;
		};
/* End XCConfigurationList section */

/* Begin XCRemoteSwiftPackageReference section */
		8F3868D22C00D28F0051ACE3 /* XCRemoteSwiftPackageReference "mixpanel-swift" */ = {
			isa = XCRemoteSwiftPackageReference;
			repositoryURL = "https://github.com/mixpanel/mixpanel-swift";
			requirement = {
				branch = master;
				kind = branch;
			};
		};
		8F70574C2BE00480004C419F /* XCRemoteSwiftPackageReference "OneSignal-XCFramework" */ = {
			isa = XCRemoteSwiftPackageReference;
			repositoryURL = "https://github.com/OneSignal/OneSignal-XCFramework";
			requirement = {
				kind = upToNextMajorVersion;
				minimumVersion = 5.0.0;
			};
		};
/* End XCRemoteSwiftPackageReference section */

/* Begin XCSwiftPackageProductDependency section */
		8F70574D2BE00480004C419F /* OneSignalExtension */ = {
			isa = XCSwiftPackageProductDependency;
			package = 8F70574C2BE00480004C419F /* XCRemoteSwiftPackageReference "OneSignal-XCFramework" */;
			productName = OneSignalExtension;
		};
		8F70574F2BE00480004C419F /* OneSignalFramework */ = {
			isa = XCSwiftPackageProductDependency;
			package = 8F70574C2BE00480004C419F /* XCRemoteSwiftPackageReference "OneSignal-XCFramework" */;
			productName = OneSignalFramework;
		};
		8F7057512BE00480004C419F /* OneSignalInAppMessages */ = {
			isa = XCSwiftPackageProductDependency;
			package = 8F70574C2BE00480004C419F /* XCRemoteSwiftPackageReference "OneSignal-XCFramework" */;
			productName = OneSignalInAppMessages;
		};
		8F7057532BE00480004C419F /* OneSignalLocation */ = {
			isa = XCSwiftPackageProductDependency;
			package = 8F70574C2BE00480004C419F /* XCRemoteSwiftPackageReference "OneSignal-XCFramework" */;
			productName = OneSignalLocation;
		};
		8F8CF2532BFCDB8B00DE8266 /* OneSignalExtension */ = {
			isa = XCSwiftPackageProductDependency;
			package = 8F70574C2BE00480004C419F /* XCRemoteSwiftPackageReference "OneSignal-XCFramework" */;
			productName = OneSignalExtension;
		};
		8F8CF2552BFCDB8E00DE8266 /* OneSignalFramework */ = {
			isa = XCSwiftPackageProductDependency;
			package = 8F70574C2BE00480004C419F /* XCRemoteSwiftPackageReference "OneSignal-XCFramework" */;
			productName = OneSignalFramework;
		};
		8FFD7BC82C00D3160010C9CF /* Mixpanel */ = {
			isa = XCSwiftPackageProductDependency;
			package = 8F3868D22C00D28F0051ACE3 /* XCRemoteSwiftPackageReference "mixpanel-swift" */;
			productName = Mixpanel;
		};
/* End XCSwiftPackageProductDependency section */
	};
	rootObject = 8F7057332BE0042D004C419F /* Project object */;
}
