{
  "originHash" : "2868179ad107012cf69b497ba9ffbf27aa37286027eae80f48f8ddd6a9f22315",
  "pins" : [
    {
      "identity" : "mixpanel-swift",
      "kind" : "remoteSourceControl",
      "location" : "https://github.com/mixpanel/mixpanel-swift",
      "state" : {
        "branch" : "master",
        "revision" : "61ce9b40817466fb1334db1d7a582fbaf616ab4c"
      }
    },
    {
      "identity" : "onesignal-xcframework",
      "kind" : "remoteSourceControl",
      "location" : "https://github.com/OneSignal/OneSignal-XCFramework",
      "state" : {
        "revision" : "72e4fa4c3d83f6c1f7b35955e0793754ea2dd15d",
        "version" : "5.2.4"
      }
    }
  ],
  "version" : 3
}
